
Microsoft Visual Studio Solution File, Format Version 12.00
# Visual Studio 15
VisualStudioVersion = 15.0.28010.2003
MinimumVisualStudioVersion = 10.0.40219.1
Project("{FAE04EC0-301F-11D3-BF4B-00C04F79EFBC}") = "Access_Specifier", "Access_Specifier\Access_Specifier.csproj", "{B6A1310E-7591-4C5B-A94D-BE6D538B8032}"
EndProject
Global
	GlobalSection(SolutionConfigurationPlatforms) = preSolution
		Debug|Any CPU = Debug|Any CPU
		Release|Any CPU = Release|Any CPU
	EndGlobalSection
	GlobalSection(ProjectConfigurationPlatforms) = postSolution
		{B6A1310E-7591-4C5B-A94D-BE6D538B8032}.Debug|Any CPU.ActiveCfg = Debug|Any CPU
		{B6A1310E-7591-4C5B-A94D-BE6D538B8032}.Debug|Any CPU.Build.0 = Debug|Any CPU
		{B6A1310E-7591-4C5B-A94D-BE6D538B8032}.Release|Any CPU.ActiveCfg = Release|Any CPU
		{B6A1310E-7591-4C5B-A94D-BE6D538B8032}.Release|Any CPU.Build.0 = Release|Any CPU
	EndGlobalSection
	GlobalSection(SolutionProperties) = preSolution
		HideSolutionNode = FALSE
	EndGlobalSection
	GlobalSection(ExtensibilityGlobals) = postSolution
		SolutionGuid = {DB309764-5361-45AA-AA92-31CCC41815DC}
	EndGlobalSection
EndGlobal
